
Microsoft Visual Studio Solution File, Format Version 12.00
# Visual Studio Version 17
VisualStudioVersion = 17.9.34714.143
MinimumVisualStudioVersion = 10.0.40219.1
Project("{FAE04EC0-301F-11D3-BF4B-00C04F79EFBC}") = "Сетевое прогр. (Практика №16)", "Сетевое прогр. (Практика №16)\Сетевое прогр. (Практика №16).csproj", "{3E1CEE57-9874-470C-8DF6-4F3D56F99127}"
EndProject
Global
	GlobalSection(SolutionConfigurationPlatforms) = preSolution
		Debug|Any CPU = Debug|Any CPU
		Release|Any CPU = Release|Any CPU
	EndGlobalSection
	GlobalSection(ProjectConfigurationPlatforms) = postSolution
		{3E1CEE57-9874-470C-8DF6-4F3D56F99127}.Debug|Any CPU.ActiveCfg = Debug|Any CPU
		{3E1CEE57-9874-470C-8DF6-4F3D56F99127}.Debug|Any CPU.Build.0 = Debug|Any CPU
		{3E1CEE57-9874-470C-8DF6-4F3D56F99127}.Release|Any CPU.ActiveCfg = Release|Any CPU
		{3E1CEE57-9874-470C-8DF6-4F3D56F99127}.Release|Any CPU.Build.0 = Release|Any CPU
	EndGlobalSection
	GlobalSection(SolutionProperties) = preSolution
		HideSolutionNode = FALSE
	EndGlobalSection
	GlobalSection(ExtensibilityGlobals) = postSolution
		SolutionGuid = {687C8578-767C-4D72-BA7E-A7A0FC200218}
	EndGlobalSection
EndGlobal
